{
  "name": ".npm-cache",
  "lockfileVersion": 3,
  "requires": true,
  "packages": {
    "": {
      "dependencies": {
        "php-parser": "^3.5.1"
      }
    },
    "node_modules/php-parser": {
      "version": "3.5.1",
      "resolved": "https://registry.npmjs.org/php-parser/-/php-parser-3.5.1.tgz",
      "integrity": "sha512-0By/iMXxBM9nIapBXOdFGHlD2os9t/3Pk1aIavUzCH7jKFPjq1WYeOVOv/iXhELCjlL4ZlzKwK1keyxLQjll8g==",
      "license": "BSD-3-Clause"
    }
  }
}
